
Microsoft Visual Studio Solution File, Format Version 12.00
# Visual Studio Version 16
VisualStudioVersion = 16.0.29411.138
MinimumVisualStudioVersion = 10.0.40219.1
Project("{8BC9CEB8-8B4A-11D0-8D11-00A0C91BC942}") = "E0771_JewelsAndStones", "E0771_JewelsAndStones\E0771_JewelsAndStones.vcxproj", "{DE2B09F5-2983-45F2-94D3-6B8E977AEC3E}"
EndProject
Project("{8BC9CEB8-8B4A-11D0-8D11-00A0C91BC942}") = "E1108_DefangingAnIPAddress", "E1108_DefangingAnIPAddress\E1108_DefangingAnIPAddress.vcxproj", "{2BC3A1E9-6301-414E-83AA-85670C0AFA83}"
EndProject
Project("{8BC9CEB8-8B4A-11D0-8D11-00A0C91BC942}") = "E1221_SplitAStringInBalancedStrings", "E1221_SplitAStringInBalancedStrings\E1221_SplitAStringInBalancedStrings.vcxproj", "{E215D761-56E0-4D46-A62F-8A97C79F8AF1}"
EndProject
Global
	GlobalSection(SolutionConfigurationPlatforms) = preSolution
		Debug|x64 = Debug|x64
		Debug|x86 = Debug|x86
		Release|x64 = Release|x64
		Release|x86 = Release|x86
	EndGlobalSection
	GlobalSection(ProjectConfigurationPlatforms) = postSolution
		{DE2B09F5-2983-45F2-94D3-6B8E977AEC3E}.Debug|x64.ActiveCfg = Debug|x64
		{DE2B09F5-2983-45F2-94D3-6B8E977AEC3E}.Debug|x64.Build.0 = Debug|x64
		{DE2B09F5-2983-45F2-94D3-6B8E977AEC3E}.Debug|x86.ActiveCfg = Debug|Win32
		{DE2B09F5-2983-45F2-94D3-6B8E977AEC3E}.Debug|x86.Build.0 = Debug|Win32
		{DE2B09F5-2983-45F2-94D3-6B8E977AEC3E}.Release|x64.ActiveCfg = Release|x64
		{DE2B09F5-2983-45F2-94D3-6B8E977AEC3E}.Release|x64.Build.0 = Release|x64
		{DE2B09F5-2983-45F2-94D3-6B8E977AEC3E}.Release|x86.ActiveCfg = Release|Win32
		{DE2B09F5-2983-45F2-94D3-6B8E977AEC3E}.Release|x86.Build.0 = Release|Win32
		{2BC3A1E9-6301-414E-83AA-85670C0AFA83}.Debug|x64.ActiveCfg = Debug|x64
		{2BC3A1E9-6301-414E-83AA-85670C0AFA83}.Debug|x64.Build.0 = Debug|x64
		{2BC3A1E9-6301-414E-83AA-85670C0AFA83}.Debug|x86.ActiveCfg = Debug|Win32
		{2BC3A1E9-6301-414E-83AA-85670C0AFA83}.Debug|x86.Build.0 = Debug|Win32
		{2BC3A1E9-6301-414E-83AA-85670C0AFA83}.Release|x64.ActiveCfg = Release|x64
		{2BC3A1E9-6301-414E-83AA-85670C0AFA83}.Release|x64.Build.0 = Release|x64
		{2BC3A1E9-6301-414E-83AA-85670C0AFA83}.Release|x86.ActiveCfg = Release|Win32
		{2BC3A1E9-6301-414E-83AA-85670C0AFA83}.Release|x86.Build.0 = Release|Win32
		{E215D761-56E0-4D46-A62F-8A97C79F8AF1}.Debug|x64.ActiveCfg = Debug|x64
		{E215D761-56E0-4D46-A62F-8A97C79F8AF1}.Debug|x64.Build.0 = Debug|x64
		{E215D761-56E0-4D46-A62F-8A97C79F8AF1}.Debug|x86.ActiveCfg = Debug|Win32
		{E215D761-56E0-4D46-A62F-8A97C79F8AF1}.Debug|x86.Build.0 = Debug|Win32
		{E215D761-56E0-4D46-A62F-8A97C79F8AF1}.Release|x64.ActiveCfg = Release|x64
		{E215D761-56E0-4D46-A62F-8A97C79F8AF1}.Release|x64.Build.0 = Release|x64
		{E215D761-56E0-4D46-A62F-8A97C79F8AF1}.Release|x86.ActiveCfg = Release|Win32
		{E215D761-56E0-4D46-A62F-8A97C79F8AF1}.Release|x86.Build.0 = Release|Win32
	EndGlobalSection
	GlobalSection(SolutionProperties) = preSolution
		HideSolutionNode = FALSE
	EndGlobalSection
	GlobalSection(ExtensibilityGlobals) = postSolution
		SolutionGuid = {42603B36-9138-4F68-A240-42D77910E9A0}
	EndGlobalSection
EndGlobal
